// !$*UTF8*$!
{
	archiveVersion = 1;
	classes = {
	};
	objectVersion = 77;
	objects = {

/* Begin PBXBuildFile section */
		462AF4792EB32B8500C25E28 /* AVFoundation.framework in Frameworks */ = {isa = PBXBuildFile; fileRef = 462AF4782EB32B8500C25E28 /* AVFoundation.framework */; };
		462AF47B2EB32B9200C25E28 /* AudioToolbox.framework in Frameworks */ = {isa = PBXBuildFile; fileRef = 462AF47A2EB32B9200C25E28 /* AudioToolbox.framework */; };
		462AF47D2EB32B9900C25E28 /* CoreAudioKit.framework in Frameworks */ = {isa = PBXBuildFile; fileRef = 462AF47C2EB32B9800C25E28 /* CoreAudioKit.framework */; };
		462AF47F2EB32BA100C25E28 /* Accelerate.framework in Frameworks */ = {isa = PBXBuildFile; fileRef = 462AF47E2EB32BA100C25E28 /* Accelerate.framework */; };
		462AF4812EB32BA900C25E28 /* CoreMedia.framework in Frameworks */ = {isa = PBXBuildFile; fileRef = 462AF4802EB32BA900C25E28 /* CoreMedia.framework */; };
		462AF4832EB32BB000C25E28 /* CoreAudio.framework in Frameworks */ = {isa = PBXBuildFile; fileRef = 462AF4822EB32BB000C25E28 /* CoreAudio.framework */; };
		468AC8A12EB52EC600257A52 /* AudioUnit.framework in Frameworks */ = {isa = PBXBuildFile; fileRef = 468AC8A02EB52EC600257A52 /* AudioUnit.framework */; };
/* End PBXBuildFile section */

/* Begin PBXContainerItemProxy section */
		462AF45B2EB32A7900C25E28 /* PBXContainerItemProxy */ = {
			isa = PBXContainerItemProxy;
			containerPortal = 462AF4442EB32A7700C25E28 /* Project object */;
			proxyType = 1;
			remoteGlobalIDString = 462AF44B2EB32A7700C25E28;
			remoteInfo = PodcastAudioEditor;
		};
		462AF4652EB32A7900C25E28 /* PBXContainerItemProxy */ = {
			isa = PBXContainerItemProxy;
			containerPortal = 462AF4442EB32A7700C25E28 /* Project object */;
			proxyType = 1;
			remoteGlobalIDString = 462AF44B2EB32A7700C25E28;
			remoteInfo = PodcastAudioEditor;
		};
/* End PBXContainerItemProxy section */

/* Begin PBXFileReference section */
		462AF44C2EB32A7700C25E28 /* PodcastAudioEditor.app */ = {isa = PBXFileReference; explicitFileType = wrapper.application; includeInIndex = 0; path = PodcastAudioEditor.app; sourceTree = BUILT_PRODUCTS_DIR; };
		462AF45A2EB32A7900C25E28 /* PodcastAudioEditorTests.xctest */ = {isa = PBXFileReference; explicitFileType = wrapper.cfbundle; includeInIndex = 0; path = PodcastAudioEditorTests.xctest; sourceTree = BUILT_PRODUCTS_DIR; };
		462AF4642EB32A7900C25E28 /* PodcastAudioEditorUITests.xctest */ = {isa = PBXFileReference; explicitFileType = wrapper.cfbundle; includeInIndex = 0; path = PodcastAudioEditorUITests.xctest; sourceTree = BUILT_PRODUCTS_DIR; };
		462AF4782EB32B8500C25E28 /* AVFoundation.framework */ = {isa = PBXFileReference; lastKnownFileType = wrapper.framework; name = AVFoundation.framework; path = Platforms/iPhoneOS.platform/Developer/SDKs/iPhoneOS18.5.sdk/System/Library/Frameworks/AVFoundation.framework; sourceTree = DEVELOPER_DIR; };
		462AF47A2EB32B9200C25E28 /* AudioToolbox.framework */ = {isa = PBXFileReference; lastKnownFileType = wrapper.framework; name = AudioToolbox.framework; path = Platforms/iPhoneOS.platform/Developer/SDKs/iPhoneOS18.5.sdk/System/Library/Frameworks/AudioToolbox.framework; sourceTree = DEVELOPER_DIR; };
		462AF47C2EB32B9800C25E28 /* CoreAudioKit.framework */ = {isa = PBXFileReference; lastKnownFileType = wrapper.framework; name = CoreAudioKit.framework; path = Platforms/iPhoneOS.platform/Developer/SDKs/iPhoneOS18.5.sdk/System/Library/Frameworks/CoreAudioKit.framework; sourceTree = DEVELOPER_DIR; };
		462AF47E2EB32BA100C25E28 /* Accelerate.framework */ = {isa = PBXFileReference; lastKnownFileType = wrapper.framework; name = Accelerate.framework; path = Platforms/iPhoneOS.platform/Developer/SDKs/iPhoneOS18.5.sdk/System/Library/Frameworks/Accelerate.framework; sourceTree = DEVELOPER_DIR; };
		462AF4802EB32BA900C25E28 /* CoreMedia.framework */ = {isa = PBXFileReference; lastKnownFileType = wrapper.framework; name = CoreMedia.framework; path = Platforms/iPhoneOS.platform/Developer/SDKs/iPhoneOS18.5.sdk/System/Library/Frameworks/CoreMedia.framework; sourceTree = DEVELOPER_DIR; };
		462AF4822EB32BB000C25E28 /* CoreAudio.framework */ = {isa = PBXFileReference; lastKnownFileType = wrapper.framework; name = CoreAudio.framework; path = Platforms/iPhoneOS.platform/Developer/SDKs/iPhoneOS18.5.sdk/System/Library/Frameworks/CoreAudio.framework; sourceTree = DEVELOPER_DIR; };
		468AC8A02EB52EC600257A52 /* AudioUnit.framework */ = {isa = PBXFileReference; lastKnownFileType = wrapper.framework; name = AudioUnit.framework; path = Platforms/iPhoneOS.platform/Developer/SDKs/iPhoneOS18.5.sdk/System/Library/Frameworks/AudioUnit.framework; sourceTree = DEVELOPER_DIR; };
/* End PBXFileReference section */

/* Begin PBXFileSystemSynchronizedBuildFileExceptionSet section */
		462AF4852EB32C1B00C25E28 /* Exceptions for "PodcastAudioEditor" folder in "PodcastAudioEditor" target */ = {
			isa = PBXFileSystemSynchronizedBuildFileExceptionSet;
			membershipExceptions = (
				Info.plist,
			);
			target = 462AF44B2EB32A7700C25E28 /* PodcastAudioEditor */;
		};
/* End PBXFileSystemSynchronizedBuildFileExceptionSet section */

/* Begin PBXFileSystemSynchronizedRootGroup section */
		462AF44E2EB32A7700C25E28 /* PodcastAudioEditor */ = {
			isa = PBXFileSystemSynchronizedRootGroup;
			exceptions = (
				462AF4852EB32C1B00C25E28 /* Exceptions for "PodcastAudioEditor" folder in "PodcastAudioEditor" target */,
			);
			path = PodcastAudioEditor;
			sourceTree = "<group>";
		};
		462AF45D2EB32A7900C25E28 /* PodcastAudioEditorTests */ = {
			isa = PBXFileSystemSynchronizedRootGroup;
			path = PodcastAudioEditorTests;
			sourceTree = "<group>";
		};
		462AF4672EB32A7900C25E28 /* PodcastAudioEditorUITests */ = {
			isa = PBXFileSystemSynchronizedRootGroup;
			path = PodcastAudioEditorUITests;
			sourceTree = "<group>";
		};
/* End PBXFileSystemSynchronizedRootGroup section */

/* Begin PBXFrameworksBuildPhase section */
		462AF4492EB32A7700C25E28 /* Frameworks */ = {
			isa = PBXFrameworksBuildPhase;
			buildActionMask = 2147483647;
			files = (
				462AF4832EB32BB000C25E28 /* CoreAudio.framework in Frameworks */,
				462AF4792EB32B8500C25E28 /* AVFoundation.framework in Frameworks */,
				462AF47F2EB32BA100C25E28 /* Accelerate.framework in Frameworks */,
				462AF47D2EB32B9900C25E28 /* CoreAudioKit.framework in Frameworks */,
				462AF47B2EB32B9200C25E28 /* AudioToolbox.framework in Frameworks */,
				462AF4812EB32BA900C25E28 /* CoreMedia.framework in Frameworks */,
				468AC8A12EB52EC600257A52 /* AudioUnit.framework in Frameworks */,
			);
			runOnlyForDeploymentPostprocessing = 0;
		};
		462AF4572EB32A7900C25E28 /* Frameworks */ = {
			isa = PBXFrameworksBuildPhase;
			buildActionMask = 2147483647;
			files = (
			);
			runOnlyForDeploymentPostprocessing = 0;
		};
		462AF4612EB32A7900C25E28 /* Frameworks */ = {
			isa = PBXFrameworksBuildPhase;
			buildActionMask = 2147483647;
			files = (
			);
			runOnlyForDeploymentPostprocessing = 0;
		};
/* End PBXFrameworksBuildPhase section */

/* Begin PBXGroup section */
		462AF4432EB32A7700C25E28 = {
			isa = PBXGroup;
			children = (
				462AF44E2EB32A7700C25E28 /* PodcastAudioEditor */,
				462AF45D2EB32A7900C25E28 /* PodcastAudioEditorTests */,
				462AF4672EB32A7900C25E28 /* PodcastAudioEditorUITests */,
				462AF4772EB32B8500C25E28 /* Frameworks */,
				462AF44D2EB32A7700C25E28 /* Products */,
			);
			sourceTree = "<group>";
		};
		462AF44D2EB32A7700C25E28 /* Products */ = {
			isa = PBXGroup;
			children = (
				462AF44C2EB32A7700C25E28 /* PodcastAudioEditor.app */,
				462AF45A2EB32A7900C25E28 /* PodcastAudioEditorTests.xctest */,
				462AF4642EB32A7900C25E28 /* PodcastAudioEditorUITests.xctest */,
			);
			name = Products;
			sourceTree = "<group>";
		};
		462AF4772EB32B8500C25E28 /* Frameworks */ = {
			isa = PBXGroup;
			children = (
				468AC8A02EB52EC600257A52 /* AudioUnit.framework */,
				462AF4822EB32BB000C25E28 /* CoreAudio.framework */,
				462AF4802EB32BA900C25E28 /* CoreMedia.framework */,
				462AF47E2EB32BA100C25E28 /* Accelerate.framework */,
				462AF47C2EB32B9800C25E28 /* CoreAudioKit.framework */,
				462AF47A2EB32B9200C25E28 /* AudioToolbox.framework */,
				462AF4782EB32B8500C25E28 /* AVFoundation.framework */,
			);
			name = Frameworks;
			sourceTree = "<group>";
		};
/* End PBXGroup section */

/* Begin PBXNativeTarget section */
		462AF44B2EB32A7700C25E28 /* PodcastAudioEditor */ = {
			isa = PBXNativeTarget;
			buildConfigurationList = 462AF46E2EB32A7900C25E28 /* Build configuration list for PBXNativeTarget "PodcastAudioEditor" */;
			buildPhases = (
				462AF4482EB32A7700C25E28 /* Sources */,
				462AF4492EB32A7700C25E28 /* Frameworks */,
				462AF44A2EB32A7700C25E28 /* Resources */,
			);
			buildRules = (
			);
			dependencies = (
			);
			fileSystemSynchronizedGroups = (
				462AF44E2EB32A7700C25E28 /* PodcastAudioEditor */,
			);
			name = PodcastAudioEditor;
			packageProductDependencies = (
			);
			productName = PodcastAudioEditor;
			productReference = 462AF44C2EB32A7700C25E28 /* PodcastAudioEditor.app */;
			productType = "com.apple.product-type.application";
		};
		462AF4592EB32A7900C25E28 /* PodcastAudioEditorTests */ = {
			isa = PBXNativeTarget;
			buildConfigurationList = 462AF4712EB32A7900C25E28 /* Build configuration list for PBXNativeTarget "PodcastAudioEditorTests" */;
			buildPhases = (
				462AF4562EB32A7900C25E28 /* Sources */,
				462AF4572EB32A7900C25E28 /* Frameworks */,
				462AF4582EB32A7900C25E28 /* Resources */,
			);
			buildRules = (
			);
			dependencies = (
				462AF45C2EB32A7900C25E28 /* PBXTargetDependency */,
			);
			fileSystemSynchronizedGroups = (
				462AF45D2EB32A7900C25E28 /* PodcastAudioEditorTests */,
			);
			name = PodcastAudioEditorTests;
			packageProductDependencies = (
			);
			productName = PodcastAudioEditorTests;
			productReference = 462AF45A2EB32A7900C25E28 /* PodcastAudioEditorTests.xctest */;
			productType = "com.apple.product-type.bundle.unit-test";
		};
		462AF4632EB32A7900C25E28 /* PodcastAudioEditorUITests */ = {
			isa = PBXNativeTarget;
			buildConfigurationList = 462AF4742EB32A7900C25E28 /* Build configuration list for PBXNativeTarget "PodcastAudioEditorUITests" */;
			buildPhases = (
				462AF4602EB32A7900C25E28 /* Sources */,
				462AF4612EB32A7900C25E28 /* Frameworks */,
				462AF4622EB32A7900C25E28 /* Resources */,
			);
			buildRules = (
			);
			dependencies = (
				462AF4662EB32A7900C25E28 /* PBXTargetDependency */,
			);
			fileSystemSynchronizedGroups = (
				462AF4672EB32A7900C25E28 /* PodcastAudioEditorUITests */,
			);
			name = PodcastAudioEditorUITests;
			packageProductDependencies = (
			);
			productName = PodcastAudioEditorUITests;
			productReference = 462AF4642EB32A7900C25E28 /* PodcastAudioEditorUITests.xctest */;
			productType = "com.apple.product-type.bundle.ui-testing";
		};
/* End PBXNativeTarget section */

/* Begin PBXProject section */
		462AF4442EB32A7700C25E28 /* Project object */ = {
			isa = PBXProject;
			attributes = {
				BuildIndependentTargetsInParallel = 1;
				LastSwiftUpdateCheck = 1640;
				LastUpgradeCheck = 1640;
				TargetAttributes = {
					462AF44B2EB32A7700C25E28 = {
						CreatedOnToolsVersion = 16.4;
					};
					462AF4592EB32A7900C25E28 = {
						CreatedOnToolsVersion = 16.4;
						TestTargetID = 462AF44B2EB32A7700C25E28;
					};
					462AF4632EB32A7900C25E28 = {
						CreatedOnToolsVersion = 16.4;
						TestTargetID = 462AF44B2EB32A7700C25E28;
					};
				};
			};
			buildConfigurationList = 462AF4472EB32A7700C25E28 /* Build configuration list for PBXProject "PodcastAudioEditor" */;
			developmentRegion = en;
			hasScannedForEncodings = 0;
			knownRegions = (
				en,
				Base,
			);
			mainGroup = 462AF4432EB32A7700C25E28;
			minimizedProjectReferenceProxies = 1;
			preferredProjectObjectVersion = 77;
			productRefGroup = 462AF44D2EB32A7700C25E28 /* Products */;
			projectDirPath = "";
			projectRoot = "";
			targets = (
				462AF44B2EB32A7700C25E28 /* PodcastAudioEditor */,
				462AF4592EB32A7900C25E28 /* PodcastAudioEditorTests */,
				462AF4632EB32A7900C25E28 /* PodcastAudioEditorUITests */,
			);
		};
/* End PBXProject section */

/* Begin PBXResourcesBuildPhase section */
		462AF44A2EB32A7700C25E28 /* Resources */ = {
			isa = PBXResourcesBuildPhase;
			buildActionMask = 2147483647;
			files = (
			);
			runOnlyForDeploymentPostprocessing = 0;
		};
		462AF4582EB32A7900C25E28 /* Resources */ = {
			isa = PBXResourcesBuildPhase;
			buildActionMask = 2147483647;
			files = (
			);
			runOnlyForDeploymentPostprocessing = 0;
		};
		462AF4622EB32A7900C25E28 /* Resources */ = {
			isa = PBXResourcesBuildPhase;
			buildActionMask = 2147483647;
			files = (
			);
			runOnlyForDeploymentPostprocessing = 0;
		};
/* End PBXResourcesBuildPhase section */

/* Begin PBXSourcesBuildPhase section */
		462AF4482EB32A7700C25E28 /* Sources */ = {
			isa = PBXSourcesBuildPhase;
			buildActionMask = 2147483647;
			files = (
			);
			runOnlyForDeploymentPostprocessing = 0;
		};
		462AF4562EB32A7900C25E28 /* Sources */ = {
			isa = PBXSourcesBuildPhase;
			buildActionMask = 2147483647;
			files = (
			);
			runOnlyForDeploymentPostprocessing = 0;
		};
		462AF4602EB32A7900C25E28 /* Sources */ = {
			isa = PBXSourcesBuildPhase;
			buildActionMask = 2147483647;
			files = (
			);
			runOnlyForDeploymentPostprocessing = 0;
		};
/* End PBXSourcesBuildPhase section */

/* Begin PBXTargetDependency section */
		462AF45C2EB32A7900C25E28 /* PBXTargetDependency */ = {
			isa = PBXTargetDependency;
			target = 462AF44B2EB32A7700C25E28 /* PodcastAudioEditor */;
			targetProxy = 462AF45B2EB32A7900C25E28 /* PBXContainerItemProxy */;
		};
		462AF4662EB32A7900C25E28 /* PBXTargetDependency */ = {
			isa = PBXTargetDependency;
			target = 462AF44B2EB32A7700C25E28 /* PodcastAudioEditor */;
			targetProxy = 462AF4652EB32A7900C25E28 /* PBXContainerItemProxy */;
		};
/* End PBXTargetDependency section */

/* Begin XCBuildConfiguration section */
		462AF46C2EB32A7900C25E28 /* Debug */ = {
			isa = XCBuildConfiguration;
			buildSettings = {
				ALWAYS_SEARCH_USER_PATHS = NO;
				ASSETCATALOG_COMPILER_GENERATE_SWIFT_ASSET_SYMBOL_EXTENSIONS = YES;
				CLANG_ANALYZER_NONNULL = YES;
				CLANG_ANALYZER_NUMBER_OBJECT_CONVERSION = YES_AGGRESSIVE;
				CLANG_CXX_LANGUAGE_STANDARD = "gnu++20";
				CLANG_ENABLE_MODULES = YES;
				CLANG_ENABLE_OBJC_ARC = YES;
				CLANG_ENABLE_OBJC_WEAK = YES;
				CLANG_WARN_BLOCK_CAPTURE_AUTORELEASING = YES;
				CLANG_WARN_BOOL_CONVERSION = YES;
				CLANG_WARN_COMMA = YES;
				CLANG_WARN_CONSTANT_CONVERSION = YES;
				CLANG_WARN_DEPRECATED_OBJC_IMPLEMENTATIONS = YES;
				CLANG_WARN_DIRECT_OBJC_ISA_USAGE = YES_ERROR;
				CLANG_WARN_DOCUMENTATION_COMMENTS = YES;
				CLANG_WARN_EMPTY_BODY = YES;
				CLANG_WARN_ENUM_CONVERSION = YES;
				CLANG_WARN_INFINITE_RECURSION = YES;
				CLANG_WARN_INT_CONVERSION = YES;
				CLANG_WARN_NON_LITERAL_NULL_CONVERSION = YES;
				CLANG_WARN_OBJC_IMPLICIT_RETAIN_SELF = YES;
				CLANG_WARN_OBJC_LITERAL_CONVERSION = YES;
				CLANG_WARN_OBJC_ROOT_CLASS = YES_ERROR;
				CLANG_WARN_QUOTED_INCLUDE_IN_FRAMEWORK_HEADER = YES;
				CLANG_WARN_RANGE_LOOP_ANALYSIS = YES;
				CLANG_WARN_STRICT_PROTOTYPES = YES;
				CLANG_WARN_SUSPICIOUS_MOVE = YES;
				CLANG_WARN_UNGUARDED_AVAILABILITY = YES_AGGRESSIVE;
				CLANG_WARN_UNREACHABLE_CODE = YES;
				CLANG_WARN__DUPLICATE_METHOD_MATCH = YES;
				COPY_PHASE_STRIP = NO;
				DEBUG_INFORMATION_FORMAT = dwarf;
				ENABLE_STRICT_OBJC_MSGSEND = YES;
				ENABLE_TESTABILITY = YES;
				ENABLE_USER_SCRIPT_SANDBOXING = YES;
				GCC_C_LANGUAGE_STANDARD = gnu17;
				GCC_DYNAMIC_NO_PIC = NO;
				GCC_NO_COMMON_BLOCKS = YES;
				GCC_OPTIMIZATION_LEVEL = 0;
				GCC_PREPROCESSOR_DEFINITIONS = (
					"DEBUG=1",
					"$(inherited)",
				);
				GCC_WARN_64_TO_32_BIT_CONVERSION = YES;
				GCC_WARN_ABOUT_RETURN_TYPE = YES_ERROR;
				GCC_WARN_UNDECLARED_SELECTOR = YES;
				GCC_WARN_UNINITIALIZED_AUTOS = YES_AGGRESSIVE;
				GCC_WARN_UNUSED_FUNCTION = YES;
				GCC_WARN_UNUSED_VARIABLE = YES;
				LOCALIZATION_PREFERS_STRING_CATALOGS = YES;
				MTL_ENABLE_DEBUG_INFO = INCLUDE_SOURCE;
				MTL_FAST_MATH = YES;
				ONLY_ACTIVE_ARCH = YES;
				SWIFT_ACTIVE_COMPILATION_CONDITIONS = "DEBUG $(inherited)";
				SWIFT_OPTIMIZATION_LEVEL = "-Onone";
			};
			name = Debug;
		};
		462AF46D2EB32A7900C25E28 /* Release */ = {
			isa = XCBuildConfiguration;
			buildSettings = {
				ALWAYS_SEARCH_USER_PATHS = NO;
				ASSETCATALOG_COMPILER_GENERATE_SWIFT_ASSET_SYMBOL_EXTENSIONS = YES;
				CLANG_ANALYZER_NONNULL = YES;
				CLANG_ANALYZER_NUMBER_OBJECT_CONVERSION = YES_AGGRESSIVE;
				CLANG_CXX_LANGUAGE_STANDARD = "gnu++20";
				CLANG_ENABLE_MODULES = YES;
				CLANG_ENABLE_OBJC_ARC = YES;
				CLANG_ENABLE_OBJC_WEAK = YES;
				CLANG_WARN_BLOCK_CAPTURE_AUTORELEASING = YES;
				CLANG_WARN_BOOL_CONVERSION = YES;
				CLANG_WARN_COMMA = YES;
				CLANG_WARN_CONSTANT_CONVERSION = YES;
				CLANG_WARN_DEPRECATED_OBJC_IMPLEMENTATIONS = YES;
				CLANG_WARN_DIRECT_OBJC_ISA_USAGE = YES_ERROR;
				CLANG_WARN_DOCUMENTATION_COMMENTS = YES;
				CLANG_WARN_EMPTY_BODY = YES;
				CLANG_WARN_ENUM_CONVERSION = YES;
				CLANG_WARN_INFINITE_RECURSION = YES;
				CLANG_WARN_INT_CONVERSION = YES;
				CLANG_WARN_NON_LITERAL_NULL_CONVERSION = YES;
				CLANG_WARN_OBJC_IMPLICIT_RETAIN_SELF = YES;
				CLANG_WARN_OBJC_LITERAL_CONVERSION = YES;
				CLANG_WARN_OBJC_ROOT_CLASS = YES_ERROR;
				CLANG_WARN_QUOTED_INCLUDE_IN_FRAMEWORK_HEADER = YES;
				CLANG_WARN_RANGE_LOOP_ANALYSIS = YES;
				CLANG_WARN_STRICT_PROTOTYPES = YES;
				CLANG_WARN_SUSPICIOUS_MOVE = YES;
				CLANG_WARN_UNGUARDED_AVAILABILITY = YES_AGGRESSIVE;
				CLANG_WARN_UNREACHABLE_CODE = YES;
				CLANG_WARN__DUPLICATE_METHOD_MATCH = YES;
				COPY_PHASE_STRIP = NO;
				DEBUG_INFORMATION_FORMAT = "dwarf-with-dsym";
				ENABLE_NS_ASSERTIONS = NO;
				ENABLE_STRICT_OBJC_MSGSEND = YES;
				ENABLE_USER_SCRIPT_SANDBOXING = YES;
				GCC_C_LANGUAGE_STANDARD = gnu17;
				GCC_NO_COMMON_BLOCKS = YES;
				GCC_WARN_64_TO_32_BIT_CONVERSION = YES;
				GCC_WARN_ABOUT_RETURN_TYPE = YES_ERROR;
				GCC_WARN_UNDECLARED_SELECTOR = YES;
				GCC_WARN_UNINITIALIZED_AUTOS = YES_AGGRESSIVE;
				GCC_WARN_UNUSED_FUNCTION = YES;
				GCC_WARN_UNUSED_VARIABLE = YES;
				LOCALIZATION_PREFERS_STRING_CATALOGS = YES;
				MTL_ENABLE_DEBUG_INFO = NO;
				MTL_FAST_MATH = YES;
				SWIFT_COMPILATION_MODE = wholemodule;
			};
			name = Release;
		};
		462AF46F2EB32A7900C25E28 /* Debug */ = {
			isa = XCBuildConfiguration;
			buildSettings = {
				ASSETCATALOG_COMPILER_APPICON_NAME = AppIcon;
				ASSETCATALOG_COMPILER_GLOBAL_ACCENT_COLOR_NAME = AccentColor;
				CODE_SIGN_ENTITLEMENTS = PodcastAudioEditor/PodcastAudioEditor.entitlements;
				CODE_SIGN_STYLE = Automatic;
				CURRENT_PROJECT_VERSION = 1;
				ENABLE_PREVIEWS = YES;
				GENERATE_INFOPLIST_FILE = YES;
				INFOPLIST_FILE = PodcastAudioEditor/Info.plist;
				INFOPLIST_KEY_LSApplicationCategoryType = "public.app-category.productivity";
				INFOPLIST_KEY_NSMicrophoneUsageDescription = "用于录音和效果预览";
				"INFOPLIST_KEY_UIApplicationSceneManifest_Generation[sdk=iphoneos*]" = YES;
				"INFOPLIST_KEY_UIApplicationSceneManifest_Generation[sdk=iphonesimulator*]" = YES;
				"INFOPLIST_KEY_UIApplicationSupportsIndirectInputEvents[sdk=iphoneos*]" = YES;
				"INFOPLIST_KEY_UIApplicationSupportsIndirectInputEvents[sdk=iphonesimulator*]" = YES;
				"INFOPLIST_KEY_UILaunchScreen_Generation[sdk=iphoneos*]" = YES;
				"INFOPLIST_KEY_UILaunchScreen_Generation[sdk=iphonesimulator*]" = YES;
				"INFOPLIST_KEY_UIStatusBarStyle[sdk=iphoneos*]" = UIStatusBarStyleDefault;
				"INFOPLIST_KEY_UIStatusBarStyle[sdk=iphonesimulator*]" = UIStatusBarStyleDefault;
				INFOPLIST_KEY_UISupportedInterfaceOrientations_iPad = "UIInterfaceOrientationPortrait UIInterfaceOrientationPortraitUpsideDown UIInterfaceOrientationLandscapeLeft UIInterfaceOrientationLandscapeRight";
				INFOPLIST_KEY_UISupportedInterfaceOrientations_iPhone = "UIInterfaceOrientationPortrait UIInterfaceOrientationLandscapeLeft UIInterfaceOrientationLandscapeRight";
				IPHONEOS_DEPLOYMENT_TARGET = 18.5;
				LD_RUNPATH_SEARCH_PATHS = "@executable_path/Frameworks";
				"LD_RUNPATH_SEARCH_PATHS[sdk=macosx*]" = "@executable_path/../Frameworks";
				MACOSX_DEPLOYMENT_TARGET = 13.5;
				MARKETING_VERSION = 1.0;
				PRODUCT_BUNDLE_IDENTIFIER = com.lx.PodcastAudioEditor;
				PRODUCT_NAME = "$(TARGET_NAME)";
				REGISTER_APP_GROUPS = YES;
				SDKROOT = auto;
				SUPPORTED_PLATFORMS = "iphoneos iphonesimulator macosx";
				SUPPORTS_MACCATALYST = NO;
				SWIFT_EMIT_LOC_STRINGS = YES;
				SWIFT_VERSION = 5.0;
				TARGETED_DEVICE_FAMILY = 2;
				XROS_DEPLOYMENT_TARGET = 2.5;
			};
			name = Debug;
		};
		462AF4702EB32A7900C25E28 /* Release */ = {
			isa = XCBuildConfiguration;
			buildSettings = {
				ASSETCATALOG_COMPILER_APPICON_NAME = AppIcon;
				ASSETCATALOG_COMPILER_GLOBAL_ACCENT_COLOR_NAME = AccentColor;
				CODE_SIGN_ENTITLEMENTS = PodcastAudioEditor/PodcastAudioEditor.entitlements;
				CODE_SIGN_STYLE = Automatic;
				CURRENT_PROJECT_VERSION = 1;
				ENABLE_PREVIEWS = YES;
				GENERATE_INFOPLIST_FILE = YES;
				INFOPLIST_FILE = PodcastAudioEditor/Info.plist;
				INFOPLIST_KEY_LSApplicationCategoryType = "public.app-category.productivity";
				INFOPLIST_KEY_NSMicrophoneUsageDescription = "用于录音和效果预览";
				"INFOPLIST_KEY_UIApplicationSceneManifest_Generation[sdk=iphoneos*]" = YES;
				"INFOPLIST_KEY_UIApplicationSceneManifest_Generation[sdk=iphonesimulator*]" = YES;
				"INFOPLIST_KEY_UIApplicationSupportsIndirectInputEvents[sdk=iphoneos*]" = YES;
				"INFOPLIST_KEY_UIApplicationSupportsIndirectInputEvents[sdk=iphonesimulator*]" = YES;
				"INFOPLIST_KEY_UILaunchScreen_Generation[sdk=iphoneos*]" = YES;
				"INFOPLIST_KEY_UILaunchScreen_Generation[sdk=iphonesimulator*]" = YES;
				"INFOPLIST_KEY_UIStatusBarStyle[sdk=iphoneos*]" = UIStatusBarStyleDefault;
				"INFOPLIST_KEY_UIStatusBarStyle[sdk=iphonesimulator*]" = UIStatusBarStyleDefault;
				INFOPLIST_KEY_UISupportedInterfaceOrientations_iPad = "UIInterfaceOrientationPortrait UIInterfaceOrientationPortraitUpsideDown UIInterfaceOrientationLandscapeLeft UIInterfaceOrientationLandscapeRight";
				INFOPLIST_KEY_UISupportedInterfaceOrientations_iPhone = "UIInterfaceOrientationPortrait UIInterfaceOrientationLandscapeLeft UIInterfaceOrientationLandscapeRight";
				IPHONEOS_DEPLOYMENT_TARGET = 18.5;
				LD_RUNPATH_SEARCH_PATHS = "@executable_path/Frameworks";
				"LD_RUNPATH_SEARCH_PATHS[sdk=macosx*]" = "@executable_path/../Frameworks";
				MACOSX_DEPLOYMENT_TARGET = 13.5;
				MARKETING_VERSION = 1.0;
				PRODUCT_BUNDLE_IDENTIFIER = com.lx.PodcastAudioEditor;
				PRODUCT_NAME = "$(TARGET_NAME)";
				REGISTER_APP_GROUPS = YES;
				SDKROOT = auto;
				SUPPORTED_PLATFORMS = "iphoneos iphonesimulator macosx";
				SUPPORTS_MACCATALYST = NO;
				SWIFT_EMIT_LOC_STRINGS = YES;
				SWIFT_VERSION = 5.0;
				TARGETED_DEVICE_FAMILY = 2;
				XROS_DEPLOYMENT_TARGET = 2.5;
			};
			name = Release;
		};
		462AF4722EB32A7900C25E28 /* Debug */ = {
			isa = XCBuildConfiguration;
			buildSettings = {
				BUNDLE_LOADER = "$(TEST_HOST)";
				CODE_SIGN_STYLE = Automatic;
				CURRENT_PROJECT_VERSION = 1;
				GENERATE_INFOPLIST_FILE = YES;
				IPHONEOS_DEPLOYMENT_TARGET = 18.5;
				MACOSX_DEPLOYMENT_TARGET = 15.3;
				MARKETING_VERSION = 1.0;
				PRODUCT_BUNDLE_IDENTIFIER = com.lx.PodcastAudioEditorTests;
				PRODUCT_NAME = "$(TARGET_NAME)";
				SDKROOT = auto;
				SUPPORTED_PLATFORMS = "iphoneos iphonesimulator macosx xros xrsimulator";
				SWIFT_EMIT_LOC_STRINGS = NO;
				SWIFT_VERSION = 5.0;
				TARGETED_DEVICE_FAMILY = "1,2,7";
				TEST_HOST = "$(BUILT_PRODUCTS_DIR)/PodcastAudioEditor.app/$(BUNDLE_EXECUTABLE_FOLDER_PATH)/PodcastAudioEditor";
				XROS_DEPLOYMENT_TARGET = 2.5;
			};
			name = Debug;
		};
		462AF4732EB32A7900C25E28 /* Release */ = {
			isa = XCBuildConfiguration;
			buildSettings = {
				BUNDLE_LOADER = "$(TEST_HOST)";
				CODE_SIGN_STYLE = Automatic;
				CURRENT_PROJECT_VERSION = 1;
				GENERATE_INFOPLIST_FILE = YES;
				IPHONEOS_DEPLOYMENT_TARGET = 18.5;
				MACOSX_DEPLOYMENT_TARGET = 15.3;
				MARKETING_VERSION = 1.0;
				PRODUCT_BUNDLE_IDENTIFIER = com.lx.PodcastAudioEditorTests;
				PRODUCT_NAME = "$(TARGET_NAME)";
				SDKROOT = auto;
				SUPPORTED_PLATFORMS = "iphoneos iphonesimulator macosx xros xrsimulator";
				SWIFT_EMIT_LOC_STRINGS = NO;
				SWIFT_VERSION = 5.0;
				TARGETED_DEVICE_FAMILY = "1,2,7";
				TEST_HOST = "$(BUILT_PRODUCTS_DIR)/PodcastAudioEditor.app/$(BUNDLE_EXECUTABLE_FOLDER_PATH)/PodcastAudioEditor";
				XROS_DEPLOYMENT_TARGET = 2.5;
			};
			name = Release;
		};
		462AF4752EB32A7900C25E28 /* Debug */ = {
			isa = XCBuildConfiguration;
			buildSettings = {
				CODE_SIGN_STYLE = Automatic;
				CURRENT_PROJECT_VERSION = 1;
				GENERATE_INFOPLIST_FILE = YES;
				IPHONEOS_DEPLOYMENT_TARGET = 18.5;
				MACOSX_DEPLOYMENT_TARGET = 15.3;
				MARKETING_VERSION = 1.0;
				PRODUCT_BUNDLE_IDENTIFIER = com.lx.PodcastAudioEditorUITests;
				PRODUCT_NAME = "$(TARGET_NAME)";
				SDKROOT = auto;
				SUPPORTED_PLATFORMS = "iphoneos iphonesimulator macosx xros xrsimulator";
				SWIFT_EMIT_LOC_STRINGS = NO;
				SWIFT_VERSION = 5.0;
				TARGETED_DEVICE_FAMILY = "1,2,7";
				TEST_TARGET_NAME = PodcastAudioEditor;
				XROS_DEPLOYMENT_TARGET = 2.5;
			};
			name = Debug;
		};
		462AF4762EB32A7900C25E28 /* Release */ = {
			isa = XCBuildConfiguration;
			buildSettings = {
				CODE_SIGN_STYLE = Automatic;
				CURRENT_PROJECT_VERSION = 1;
				GENERATE_INFOPLIST_FILE = YES;
				IPHONEOS_DEPLOYMENT_TARGET = 18.5;
				MACOSX_DEPLOYMENT_TARGET = 15.3;
				MARKETING_VERSION = 1.0;
				PRODUCT_BUNDLE_IDENTIFIER = com.lx.PodcastAudioEditorUITests;
				PRODUCT_NAME = "$(TARGET_NAME)";
				SDKROOT = auto;
				SUPPORTED_PLATFORMS = "iphoneos iphonesimulator macosx xros xrsimulator";
				SWIFT_EMIT_LOC_STRINGS = NO;
				SWIFT_VERSION = 5.0;
				TARGETED_DEVICE_FAMILY = "1,2,7";
				TEST_TARGET_NAME = PodcastAudioEditor;
				XROS_DEPLOYMENT_TARGET = 2.5;
			};
			name = Release;
		};
/* End XCBuildConfiguration section */

/* Begin XCConfigurationList section */
		462AF4472EB32A7700C25E28 /* Build configuration list for PBXProject "PodcastAudioEditor" */ = {
			isa = XCConfigurationList;
			buildConfigurations = (
				462AF46C2EB32A7900C25E28 /* Debug */,
				462AF46D2EB32A7900C25E28 /* Release */,
			);
			defaultConfigurationIsVisible = 0;
			defaultConfigurationName = Release;
		};
		462AF46E2EB32A7900C25E28 /* Build configuration list for PBXNativeTarget "PodcastAudioEditor" */ = {
			isa = XCConfigurationList;
			buildConfigurations = (
				462AF46F2EB32A7900C25E28 /* Debug */,
				462AF4702EB32A7900C25E28 /* Release */,
			);
			defaultConfigurationIsVisible = 0;
			defaultConfigurationName = Release;
		};
		462AF4712EB32A7900C25E28 /* Build configuration list for PBXNativeTarget "PodcastAudioEditorTests" */ = {
			isa = XCConfigurationList;
			buildConfigurations = (
				462AF4722EB32A7900C25E28 /* Debug */,
				462AF4732EB32A7900C25E28 /* Release */,
			);
			defaultConfigurationIsVisible = 0;
			defaultConfigurationName = Release;
		};
		462AF4742EB32A7900C25E28 /* Build configuration list for PBXNativeTarget "PodcastAudioEditorUITests" */ = {
			isa = XCConfigurationList;
			buildConfigurations = (
				462AF4752EB32A7900C25E28 /* Debug */,
				462AF4762EB32A7900C25E28 /* Release */,
			);
			defaultConfigurationIsVisible = 0;
			defaultConfigurationName = Release;
		};
/* End XCConfigurationList section */
	};
	rootObject = 462AF4442EB32A7700C25E28 /* Project object */;
}
